
Microsoft Visual Studio Solution File, Format Version 12.00
# Visual Studio Version 16
VisualStudioVersion = 16.0.30517.126
MinimumVisualStudioVersion = 10.0.40219.1
Project("{FAE04EC0-301F-11D3-BF4B-00C04F79EFBC}") = "GettingStarted.UWP", "GettingStarted\GettingStarted.UWP\GettingStarted.UWP.csproj", "{3D3463D1-F8CC-4BB4-91E0-D8ADA92C468F}"
EndProject
Project("{FAE04EC0-301F-11D3-BF4B-00C04F79EFBC}") = "GettingStarted.Android", "GettingStarted\GettingStarted.Android\GettingStarted.Android.csproj", "{81CCEE2D-3289-4FFD-96C2-34F095F2560C}"
EndProject
Project("{FAE04EC0-301F-11D3-BF4B-00C04F79EFBC}") = "GettingStarted.iOS", "GettingStarted\GettingStarted.iOS\GettingStarted.iOS.csproj", "{E51551C4-4F01-4589-99F8-2F382B07305D}"
EndProject
Project("{FAE04EC0-301F-11D3-BF4B-00C04F79EFBC}") = "GettingStarted", "GettingStarted\GettingStarted\GettingStarted.csproj", "{660B7EEA-4161-4B83-B0E9-33646550C54E}"
EndProject
Global
	GlobalSection(SolutionConfigurationPlatforms) = preSolution
		Debug|Any CPU = Debug|Any CPU
		Debug|ARM = Debug|ARM
		Debug|iPhone = Debug|iPhone
		Debug|iPhoneSimulator = Debug|iPhoneSimulator
		Debug|x64 = Debug|x64
		Debug|x86 = Debug|x86
		Release|Any CPU = Release|Any CPU
		Release|ARM = Release|ARM
		Release|iPhone = Release|iPhone
		Release|iPhoneSimulator = Release|iPhoneSimulator
		Release|x64 = Release|x64
		Release|x86 = Release|x86
	EndGlobalSection
	GlobalSection(ProjectConfigurationPlatforms) = postSolution
		{3D3463D1-F8CC-4BB4-91E0-D8ADA92C468F}.Debug|Any CPU.ActiveCfg = Debug|x86
		{3D3463D1-F8CC-4BB4-91E0-D8ADA92C468F}.Debug|Any CPU.Build.0 = Debug|x86
		{3D3463D1-F8CC-4BB4-91E0-D8ADA92C468F}.Debug|Any CPU.Deploy.0 = Debug|x86
		{3D3463D1-F8CC-4BB4-91E0-D8ADA92C468F}.Debug|ARM.ActiveCfg = Debug|ARM
		{3D3463D1-F8CC-4BB4-91E0-D8ADA92C468F}.Debug|ARM.Build.0 = Debug|ARM
		{3D3463D1-F8CC-4BB4-91E0-D8ADA92C468F}.Debug|ARM.Deploy.0 = Debug|ARM
		{3D3463D1-F8CC-4BB4-91E0-D8ADA92C468F}.Debug|iPhone.ActiveCfg = Debug|x86
		{3D3463D1-F8CC-4BB4-91E0-D8ADA92C468F}.Debug|iPhone.Build.0 = Debug|x86
		{3D3463D1-F8CC-4BB4-91E0-D8ADA92C468F}.Debug|iPhone.Deploy.0 = Debug|x86
		{3D3463D1-F8CC-4BB4-91E0-D8ADA92C468F}.Debug|iPhoneSimulator.ActiveCfg = Debug|x86
		{3D3463D1-F8CC-4BB4-91E0-D8ADA92C468F}.Debug|iPhoneSimulator.Build.0 = Debug|x86
		{3D3463D1-F8CC-4BB4-91E0-D8ADA92C468F}.Debug|iPhoneSimulator.Deploy.0 = Debug|x86
		{3D3463D1-F8CC-4BB4-91E0-D8ADA92C468F}.Debug|x64.ActiveCfg = Debug|x64
		{3D3463D1-F8CC-4BB4-91E0-D8ADA92C468F}.Debug|x64.Build.0 = Debug|x64
		{3D3463D1-F8CC-4BB4-91E0-D8ADA92C468F}.Debug|x64.Deploy.0 = Debug|x64
		{3D3463D1-F8CC-4BB4-91E0-D8ADA92C468F}.Debug|x86.ActiveCfg = Debug|x86
		{3D3463D1-F8CC-4BB4-91E0-D8ADA92C468F}.Debug|x86.Build.0 = Debug|x86
		{3D3463D1-F8CC-4BB4-91E0-D8ADA92C468F}.Debug|x86.Deploy.0 = Debug|x86
		{3D3463D1-F8CC-4BB4-91E0-D8ADA92C468F}.Release|Any CPU.ActiveCfg = Release|x86
		{3D3463D1-F8CC-4BB4-91E0-D8ADA92C468F}.Release|Any CPU.Build.0 = Release|x86
		{3D3463D1-F8CC-4BB4-91E0-D8ADA92C468F}.Release|Any CPU.Deploy.0 = Release|x86
		{3D3463D1-F8CC-4BB4-91E0-D8ADA92C468F}.Release|ARM.ActiveCfg = Release|ARM
		{3D3463D1-F8CC-4BB4-91E0-D8ADA92C468F}.Release|ARM.Build.0 = Release|ARM
		{3D3463D1-F8CC-4BB4-91E0-D8ADA92C468F}.Release|ARM.Deploy.0 = Release|ARM
		{3D3463D1-F8CC-4BB4-91E0-D8ADA92C468F}.Release|iPhone.ActiveCfg = Release|x86
		{3D3463D1-F8CC-4BB4-91E0-D8ADA92C468F}.Release|iPhone.Build.0 = Release|x86
		{3D3463D1-F8CC-4BB4-91E0-D8ADA92C468F}.Release|iPhone.Deploy.0 = Release|x86
		{3D3463D1-F8CC-4BB4-91E0-D8ADA92C468F}.Release|iPhoneSimulator.ActiveCfg = Release|x86
		{3D3463D1-F8CC-4BB4-91E0-D8ADA92C468F}.Release|iPhoneSimulator.Build.0 = Release|x86
		{3D3463D1-F8CC-4BB4-91E0-D8ADA92C468F}.Release|iPhoneSimulator.Deploy.0 = Release|x86
		{3D3463D1-F8CC-4BB4-91E0-D8ADA92C468F}.Release|x64.ActiveCfg = Release|x64
		{3D3463D1-F8CC-4BB4-91E0-D8ADA92C468F}.Release|x64.Build.0 = Release|x64
		{3D3463D1-F8CC-4BB4-91E0-D8ADA92C468F}.Release|x64.Deploy.0 = Release|x64
		{3D3463D1-F8CC-4BB4-91E0-D8ADA92C468F}.Release|x86.ActiveCfg = Release|x86
		{3D3463D1-F8CC-4BB4-91E0-D8ADA92C468F}.Release|x86.Build.0 = Release|x86
		{3D3463D1-F8CC-4BB4-91E0-D8ADA92C468F}.Release|x86.Deploy.0 = Release|x86
		{81CCEE2D-3289-4FFD-96C2-34F095F2560C}.Debug|Any CPU.ActiveCfg = Debug|Any CPU
		{81CCEE2D-3289-4FFD-96C2-34F095F2560C}.Debug|Any CPU.Build.0 = Debug|Any CPU
		{81CCEE2D-3289-4FFD-96C2-34F095F2560C}.Debug|Any CPU.Deploy.0 = Debug|Any CPU
		{81CCEE2D-3289-4FFD-96C2-34F095F2560C}.Debug|ARM.ActiveCfg = Debug|Any CPU
		{81CCEE2D-3289-4FFD-96C2-34F095F2560C}.Debug|ARM.Build.0 = Debug|Any CPU
		{81CCEE2D-3289-4FFD-96C2-34F095F2560C}.Debug|ARM.Deploy.0 = Debug|Any CPU
		{81CCEE2D-3289-4FFD-96C2-34F095F2560C}.Debug|iPhone.ActiveCfg = Debug|Any CPU
		{81CCEE2D-3289-4FFD-96C2-34F095F2560C}.Debug|iPhone.Build.0 = Debug|Any CPU
		{81CCEE2D-3289-4FFD-96C2-34F095F2560C}.Debug|iPhone.Deploy.0 = Debug|Any CPU
		{81CCEE2D-3289-4FFD-96C2-34F095F2560C}.Debug|iPhoneSimulator.ActiveCfg = Debug|Any CPU
		{81CCEE2D-3289-4FFD-96C2-34F095F2560C}.Debug|iPhoneSimulator.Build.0 = Debug|Any CPU
		{81CCEE2D-3289-4FFD-96C2-34F095F2560C}.Debug|iPhoneSimulator.Deploy.0 = Debug|Any CPU
		{81CCEE2D-3289-4FFD-96C2-34F095F2560C}.Debug|x64.ActiveCfg = Debug|Any CPU
		{81CCEE2D-3289-4FFD-96C2-34F095F2560C}.Debug|x64.Build.0 = Debug|Any CPU
		{81CCEE2D-3289-4FFD-96C2-34F095F2560C}.Debug|x64.Deploy.0 = Debug|Any CPU
		{81CCEE2D-3289-4FFD-96C2-34F095F2560C}.Debug|x86.ActiveCfg = Debug|Any CPU
		{81CCEE2D-3289-4FFD-96C2-34F095F2560C}.Debug|x86.Build.0 = Debug|Any CPU
		{81CCEE2D-3289-4FFD-96C2-34F095F2560C}.Debug|x86.Deploy.0 = Debug|Any CPU
		{81CCEE2D-3289-4FFD-96C2-34F095F2560C}.Release|Any CPU.ActiveCfg = Release|Any CPU
		{81CCEE2D-3289-4FFD-96C2-34F095F2560C}.Release|Any CPU.Build.0 = Release|Any CPU
		{81CCEE2D-3289-4FFD-96C2-34F095F2560C}.Release|Any CPU.Deploy.0 = Release|Any CPU
		{81CCEE2D-3289-4FFD-96C2-34F095F2560C}.Release|ARM.ActiveCfg = Release|Any CPU
		{81CCEE2D-3289-4FFD-96C2-34F095F2560C}.Release|ARM.Build.0 = Release|Any CPU
		{81CCEE2D-3289-4FFD-96C2-34F095F2560C}.Release|ARM.Deploy.0 = Release|Any CPU
		{81CCEE2D-3289-4FFD-96C2-34F095F2560C}.Release|iPhone.ActiveCfg = Release|Any CPU
		{81CCEE2D-3289-4FFD-96C2-34F095F2560C}.Release|iPhone.Build.0 = Release|Any CPU
		{81CCEE2D-3289-4FFD-96C2-34F095F2560C}.Release|iPhone.Deploy.0 = Release|Any CPU
		{81CCEE2D-3289-4FFD-96C2-34F095F2560C}.Release|iPhoneSimulator.ActiveCfg = Release|Any CPU
		{81CCEE2D-3289-4FFD-96C2-34F095F2560C}.Release|iPhoneSimulator.Build.0 = Release|Any CPU
		{81CCEE2D-3289-4FFD-96C2-34F095F2560C}.Release|iPhoneSimulator.Deploy.0 = Release|Any CPU
		{81CCEE2D-3289-4FFD-96C2-34F095F2560C}.Release|x64.ActiveCfg = Release|Any CPU
		{81CCEE2D-3289-4FFD-96C2-34F095F2560C}.Release|x64.Build.0 = Release|Any CPU
		{81CCEE2D-3289-4FFD-96C2-34F095F2560C}.Release|x64.Deploy.0 = Release|Any CPU
		{81CCEE2D-3289-4FFD-96C2-34F095F2560C}.Release|x86.ActiveCfg = Release|Any CPU
		{81CCEE2D-3289-4FFD-96C2-34F095F2560C}.Release|x86.Build.0 = Release|Any CPU
		{81CCEE2D-3289-4FFD-96C2-34F095F2560C}.Release|x86.Deploy.0 = Release|Any CPU
		{E51551C4-4F01-4589-99F8-2F382B07305D}.Debug|Any CPU.ActiveCfg = Debug|iPhoneSimulator
		{E51551C4-4F01-4589-99F8-2F382B07305D}.Debug|Any CPU.Build.0 = Debug|iPhoneSimulator
		{E51551C4-4F01-4589-99F8-2F382B07305D}.Debug|Any CPU.Deploy.0 = Debug|iPhoneSimulator
		{E51551C4-4F01-4589-99F8-2F382B07305D}.Debug|ARM.ActiveCfg = Debug|iPhone
		{E51551C4-4F01-4589-99F8-2F382B07305D}.Debug|ARM.Build.0 = Debug|iPhone
		{E51551C4-4F01-4589-99F8-2F382B07305D}.Debug|ARM.Deploy.0 = Debug|iPhone
		{E51551C4-4F01-4589-99F8-2F382B07305D}.Debug|iPhone.ActiveCfg = Debug|iPhone
		{E51551C4-4F01-4589-99F8-2F382B07305D}.Debug|iPhone.Build.0 = Debug|iPhone
		{E51551C4-4F01-4589-99F8-2F382B07305D}.Debug|iPhone.Deploy.0 = Debug|iPhone
		{E51551C4-4F01-4589-99F8-2F382B07305D}.Debug|iPhoneSimulator.ActiveCfg = Debug|iPhoneSimulator
		{E51551C4-4F01-4589-99F8-2F382B07305D}.Debug|iPhoneSimulator.Build.0 = Debug|iPhoneSimulator
		{E51551C4-4F01-4589-99F8-2F382B07305D}.Debug|iPhoneSimulator.Deploy.0 = Debug|iPhoneSimulator
		{E51551C4-4F01-4589-99F8-2F382B07305D}.Debug|x64.ActiveCfg = Debug|iPhoneSimulator
		{E51551C4-4F01-4589-99F8-2F382B07305D}.Debug|x64.Build.0 = Debug|iPhoneSimulator
		{E51551C4-4F01-4589-99F8-2F382B07305D}.Debug|x64.Deploy.0 = Debug|iPhoneSimulator
		{E51551C4-4F01-4589-99F8-2F382B07305D}.Debug|x86.ActiveCfg = Debug|iPhoneSimulator
		{E51551C4-4F01-4589-99F8-2F382B07305D}.Debug|x86.Build.0 = Debug|iPhoneSimulator
		{E51551C4-4F01-4589-99F8-2F382B07305D}.Debug|x86.Deploy.0 = Debug|iPhoneSimulator
		{E51551C4-4F01-4589-99F8-2F382B07305D}.Release|Any CPU.ActiveCfg = Release|iPhoneSimulator
		{E51551C4-4F01-4589-99F8-2F382B07305D}.Release|Any CPU.Build.0 = Release|iPhoneSimulator
		{E51551C4-4F01-4589-99F8-2F382B07305D}.Release|Any CPU.Deploy.0 = Release|iPhoneSimulator
		{E51551C4-4F01-4589-99F8-2F382B07305D}.Release|ARM.ActiveCfg = Release|iPhoneSimulator
		{E51551C4-4F01-4589-99F8-2F382B07305D}.Release|ARM.Build.0 = Release|iPhoneSimulator
		{E51551C4-4F01-4589-99F8-2F382B07305D}.Release|ARM.Deploy.0 = Release|iPhoneSimulator
		{E51551C4-4F01-4589-99F8-2F382B07305D}.Release|iPhone.ActiveCfg = Release|iPhone
		{E51551C4-4F01-4589-99F8-2F382B07305D}.Release|iPhone.Build.0 = Release|iPhone
		{E51551C4-4F01-4589-99F8-2F382B07305D}.Release|iPhone.Deploy.0 = Release|iPhone
		{E51551C4-4F01-4589-99F8-2F382B07305D}.Release|iPhoneSimulator.ActiveCfg = Release|iPhoneSimulator
		{E51551C4-4F01-4589-99F8-2F382B07305D}.Release|iPhoneSimulator.Build.0 = Release|iPhoneSimulator
		{E51551C4-4F01-4589-99F8-2F382B07305D}.Release|iPhoneSimulator.Deploy.0 = Release|iPhoneSimulator
		{E51551C4-4F01-4589-99F8-2F382B07305D}.Release|x64.ActiveCfg = Release|iPhoneSimulator
		{E51551C4-4F01-4589-99F8-2F382B07305D}.Release|x64.Build.0 = Release|iPhoneSimulator
		{E51551C4-4F01-4589-99F8-2F382B07305D}.Release|x64.Deploy.0 = Release|iPhoneSimulator
		{E51551C4-4F01-4589-99F8-2F382B07305D}.Release|x86.ActiveCfg = Release|iPhoneSimulator
		{E51551C4-4F01-4589-99F8-2F382B07305D}.Release|x86.Build.0 = Release|iPhoneSimulator
		{E51551C4-4F01-4589-99F8-2F382B07305D}.Release|x86.Deploy.0 = Release|iPhoneSimulator
		{660B7EEA-4161-4B83-B0E9-33646550C54E}.Debug|Any CPU.ActiveCfg = Debug|Any CPU
		{660B7EEA-4161-4B83-B0E9-33646550C54E}.Debug|Any CPU.Build.0 = Debug|Any CPU
		{660B7EEA-4161-4B83-B0E9-33646550C54E}.Debug|Any CPU.Deploy.0 = Debug|Any CPU
		{660B7EEA-4161-4B83-B0E9-33646550C54E}.Debug|ARM.ActiveCfg = Debug|Any CPU
		{660B7EEA-4161-4B83-B0E9-33646550C54E}.Debug|ARM.Build.0 = Debug|Any CPU
		{660B7EEA-4161-4B83-B0E9-33646550C54E}.Debug|ARM.Deploy.0 = Debug|Any CPU
		{660B7EEA-4161-4B83-B0E9-33646550C54E}.Debug|iPhone.ActiveCfg = Debug|Any CPU
		{660B7EEA-4161-4B83-B0E9-33646550C54E}.Debug|iPhone.Build.0 = Debug|Any CPU
		{660B7EEA-4161-4B83-B0E9-33646550C54E}.Debug|iPhone.Deploy.0 = Debug|Any CPU
		{660B7EEA-4161-4B83-B0E9-33646550C54E}.Debug|iPhoneSimulator.ActiveCfg = Debug|Any CPU
		{660B7EEA-4161-4B83-B0E9-33646550C54E}.Debug|iPhoneSimulator.Build.0 = Debug|Any CPU
		{660B7EEA-4161-4B83-B0E9-33646550C54E}.Debug|iPhoneSimulator.Deploy.0 = Debug|Any CPU
		{660B7EEA-4161-4B83-B0E9-33646550C54E}.Debug|x64.ActiveCfg = Debug|Any CPU
		{660B7EEA-4161-4B83-B0E9-33646550C54E}.Debug|x64.Build.0 = Debug|Any CPU
		{660B7EEA-4161-4B83-B0E9-33646550C54E}.Debug|x64.Deploy.0 = Debug|Any CPU
		{660B7EEA-4161-4B83-B0E9-33646550C54E}.Debug|x86.ActiveCfg = Debug|Any CPU
		{660B7EEA-4161-4B83-B0E9-33646550C54E}.Debug|x86.Build.0 = Debug|Any CPU
		{660B7EEA-4161-4B83-B0E9-33646550C54E}.Debug|x86.Deploy.0 = Debug|Any CPU
		{660B7EEA-4161-4B83-B0E9-33646550C54E}.Release|Any CPU.ActiveCfg = Release|Any CPU
		{660B7EEA-4161-4B83-B0E9-33646550C54E}.Release|Any CPU.Build.0 = Release|Any CPU
		{660B7EEA-4161-4B83-B0E9-33646550C54E}.Release|Any CPU.Deploy.0 = Release|Any CPU
		{660B7EEA-4161-4B83-B0E9-33646550C54E}.Release|ARM.ActiveCfg = Release|Any CPU
		{660B7EEA-4161-4B83-B0E9-33646550C54E}.Release|ARM.Build.0 = Release|Any CPU
		{660B7EEA-4161-4B83-B0E9-33646550C54E}.Release|ARM.Deploy.0 = Release|Any CPU
		{660B7EEA-4161-4B83-B0E9-33646550C54E}.Release|iPhone.ActiveCfg = Release|Any CPU
		{660B7EEA-4161-4B83-B0E9-33646550C54E}.Release|iPhone.Build.0 = Release|Any CPU
		{660B7EEA-4161-4B83-B0E9-33646550C54E}.Release|iPhone.Deploy.0 = Release|Any CPU
		{660B7EEA-4161-4B83-B0E9-33646550C54E}.Release|iPhoneSimulator.ActiveCfg = Release|Any CPU
		{660B7EEA-4161-4B83-B0E9-33646550C54E}.Release|iPhoneSimulator.Build.0 = Release|Any CPU
		{660B7EEA-4161-4B83-B0E9-33646550C54E}.Release|iPhoneSimulator.Deploy.0 = Release|Any CPU
		{660B7EEA-4161-4B83-B0E9-33646550C54E}.Release|x64.ActiveCfg = Release|Any CPU
		{660B7EEA-4161-4B83-B0E9-33646550C54E}.Release|x64.Build.0 = Release|Any CPU
		{660B7EEA-4161-4B83-B0E9-33646550C54E}.Release|x64.Deploy.0 = Release|Any CPU
		{660B7EEA-4161-4B83-B0E9-33646550C54E}.Release|x86.ActiveCfg = Release|Any CPU
		{660B7EEA-4161-4B83-B0E9-33646550C54E}.Release|x86.Build.0 = Release|Any CPU
		{660B7EEA-4161-4B83-B0E9-33646550C54E}.Release|x86.Deploy.0 = Release|Any CPU
	EndGlobalSection
	GlobalSection(SolutionProperties) = preSolution
		HideSolutionNode = FALSE
	EndGlobalSection
	GlobalSection(ExtensibilityGlobals) = postSolution
		SolutionGuid = {E45DC8FA-1A23-4518-825D-5ECEFAE30B0F}
	EndGlobalSection
EndGlobal
